
Microsoft Visual Studio Solution File, Format Version 12.00
# Visual Studio Version 16
VisualStudioVersion = 16.0.30523.141
MinimumVisualStudioVersion = 10.0.40219.1
Project("{9A19103F-16F7-4668-BE54-9A1E7A4F7556}") = "MaterialDesignDemo", "MaterialDesignDemo\MaterialDesignDemo.csproj", "{9D1C9048-E0A7-4674-89A7-987C7DD50E77}"
EndProject
Project("{9A19103F-16F7-4668-BE54-9A1E7A4F7556}") = "WPFAvalon", "WPFAvalon\WPFAvalon.csproj", "{7A7E2CD5-E0C8-446D-880E-E1921368C520}"
EndProject
Project("{9A19103F-16F7-4668-BE54-9A1E7A4F7556}") = "WPFTransitions", "WPFTransitions\WPFTransitions.csproj", "{FE1B0707-2C37-4F60-827D-133B7CAE059E}"
EndProject
Project("{9A19103F-16F7-4668-BE54-9A1E7A4F7556}") = "ModernWPF", "ModernWPF\ModernWPF.csproj", "{F098B6B0-7AD5-4373-B7A0-8B9B08256D37}"
EndProject
Project("{FAE04EC0-301F-11D3-BF4B-00C04F79EFBC}") = "MaterialDesignDrawer", "MaterialDesignDrawer\MaterialDesignDrawer.csproj", "{C7BB20C9-0D7A-4741-9858-687F053284D3}"
EndProject
Project("{FAE04EC0-301F-11D3-BF4B-00C04F79EFBC}") = "MaterialDesignDropdownMenu", "MaterialDesignDropdownMenu\MaterialDesignDropdownMenu.csproj", "{B89E723A-E0EB-4A7C-A0CF-933B25CAB58F}"
EndProject
Global
	GlobalSection(SolutionConfigurationPlatforms) = preSolution
		Debug|Any CPU = Debug|Any CPU
		Release|Any CPU = Release|Any CPU
	EndGlobalSection
	GlobalSection(ProjectConfigurationPlatforms) = postSolution
		{9D1C9048-E0A7-4674-89A7-987C7DD50E77}.Debug|Any CPU.ActiveCfg = Debug|Any CPU
		{9D1C9048-E0A7-4674-89A7-987C7DD50E77}.Debug|Any CPU.Build.0 = Debug|Any CPU
		{9D1C9048-E0A7-4674-89A7-987C7DD50E77}.Release|Any CPU.ActiveCfg = Release|Any CPU
		{9D1C9048-E0A7-4674-89A7-987C7DD50E77}.Release|Any CPU.Build.0 = Release|Any CPU
		{7A7E2CD5-E0C8-446D-880E-E1921368C520}.Debug|Any CPU.ActiveCfg = Debug|Any CPU
		{7A7E2CD5-E0C8-446D-880E-E1921368C520}.Debug|Any CPU.Build.0 = Debug|Any CPU
		{7A7E2CD5-E0C8-446D-880E-E1921368C520}.Release|Any CPU.ActiveCfg = Release|Any CPU
		{7A7E2CD5-E0C8-446D-880E-E1921368C520}.Release|Any CPU.Build.0 = Release|Any CPU
		{FE1B0707-2C37-4F60-827D-133B7CAE059E}.Debug|Any CPU.ActiveCfg = Debug|Any CPU
		{FE1B0707-2C37-4F60-827D-133B7CAE059E}.Debug|Any CPU.Build.0 = Debug|Any CPU
		{FE1B0707-2C37-4F60-827D-133B7CAE059E}.Release|Any CPU.ActiveCfg = Release|Any CPU
		{FE1B0707-2C37-4F60-827D-133B7CAE059E}.Release|Any CPU.Build.0 = Release|Any CPU
		{F098B6B0-7AD5-4373-B7A0-8B9B08256D37}.Debug|Any CPU.ActiveCfg = Debug|Any CPU
		{F098B6B0-7AD5-4373-B7A0-8B9B08256D37}.Debug|Any CPU.Build.0 = Debug|Any CPU
		{F098B6B0-7AD5-4373-B7A0-8B9B08256D37}.Release|Any CPU.ActiveCfg = Release|Any CPU
		{F098B6B0-7AD5-4373-B7A0-8B9B08256D37}.Release|Any CPU.Build.0 = Release|Any CPU
		{C7BB20C9-0D7A-4741-9858-687F053284D3}.Debug|Any CPU.ActiveCfg = Debug|Any CPU
		{C7BB20C9-0D7A-4741-9858-687F053284D3}.Debug|Any CPU.Build.0 = Debug|Any CPU
		{C7BB20C9-0D7A-4741-9858-687F053284D3}.Release|Any CPU.ActiveCfg = Release|Any CPU
		{C7BB20C9-0D7A-4741-9858-687F053284D3}.Release|Any CPU.Build.0 = Release|Any CPU
		{B89E723A-E0EB-4A7C-A0CF-933B25CAB58F}.Debug|Any CPU.ActiveCfg = Debug|Any CPU
		{B89E723A-E0EB-4A7C-A0CF-933B25CAB58F}.Debug|Any CPU.Build.0 = Debug|Any CPU
		{B89E723A-E0EB-4A7C-A0CF-933B25CAB58F}.Release|Any CPU.ActiveCfg = Release|Any CPU
		{B89E723A-E0EB-4A7C-A0CF-933B25CAB58F}.Release|Any CPU.Build.0 = Release|Any CPU
	EndGlobalSection
	GlobalSection(SolutionProperties) = preSolution
		HideSolutionNode = FALSE
	EndGlobalSection
	GlobalSection(ExtensibilityGlobals) = postSolution
		SolutionGuid = {39665FA8-4476-4D2B-A91D-541569CE6917}
	EndGlobalSection
EndGlobal
